
Microsoft Visual Studio Solution File, Format Version 12.00
# Visual Studio 15
VisualStudioVersion = 15.0.26124.0
MinimumVisualStudioVersion = 15.0.26124.0
Project("{FAE04EC0-301F-11D3-BF4B-00C04F79EFBC}") = "Services", "Services\Services.csproj", "{1E8F5414-2360-4F42-B0E8-3EC91A0AAC14}"
EndProject
Project("{FAE04EC0-301F-11D3-BF4B-00C04F79EFBC}") = "Services.Tests", "Services.Tests\Services.Tests.csproj", "{50CECBB0-893C-4F4D-BE7B-B9DED11D5B6D}"
EndProject
Project("{FAE04EC0-301F-11D3-BF4B-00C04F79EFBC}") = "Repositories", "Repositories\Repositories.csproj", "{2C2FE203-F5A0-427B-A5D3-39B63FC30D5A}"
EndProject
Project("{FAE04EC0-301F-11D3-BF4B-00C04F79EFBC}") = "Repository.Tests", "Repository.Tests\Repository.Tests.csproj", "{3F868512-5652-4895-90CB-E2BE2F826019}"
EndProject
Global
	GlobalSection(SolutionConfigurationPlatforms) = preSolution
		Debug|Any CPU = Debug|Any CPU
		Debug|x64 = Debug|x64
		Debug|x86 = Debug|x86
		Release|Any CPU = Release|Any CPU
		Release|x64 = Release|x64
		Release|x86 = Release|x86
	EndGlobalSection
	GlobalSection(SolutionProperties) = preSolution
		HideSolutionNode = FALSE
	EndGlobalSection
	GlobalSection(ProjectConfigurationPlatforms) = postSolution
		{1E8F5414-2360-4F42-B0E8-3EC91A0AAC14}.Debug|Any CPU.ActiveCfg = Debug|Any CPU
		{1E8F5414-2360-4F42-B0E8-3EC91A0AAC14}.Debug|Any CPU.Build.0 = Debug|Any CPU
		{1E8F5414-2360-4F42-B0E8-3EC91A0AAC14}.Debug|x64.ActiveCfg = Debug|Any CPU
		{1E8F5414-2360-4F42-B0E8-3EC91A0AAC14}.Debug|x64.Build.0 = Debug|Any CPU
		{1E8F5414-2360-4F42-B0E8-3EC91A0AAC14}.Debug|x86.ActiveCfg = Debug|Any CPU
		{1E8F5414-2360-4F42-B0E8-3EC91A0AAC14}.Debug|x86.Build.0 = Debug|Any CPU
		{1E8F5414-2360-4F42-B0E8-3EC91A0AAC14}.Release|Any CPU.ActiveCfg = Release|Any CPU
		{1E8F5414-2360-4F42-B0E8-3EC91A0AAC14}.Release|Any CPU.Build.0 = Release|Any CPU
		{1E8F5414-2360-4F42-B0E8-3EC91A0AAC14}.Release|x64.ActiveCfg = Release|Any CPU
		{1E8F5414-2360-4F42-B0E8-3EC91A0AAC14}.Release|x64.Build.0 = Release|Any CPU
		{1E8F5414-2360-4F42-B0E8-3EC91A0AAC14}.Release|x86.ActiveCfg = Release|Any CPU
		{1E8F5414-2360-4F42-B0E8-3EC91A0AAC14}.Release|x86.Build.0 = Release|Any CPU
		{50CECBB0-893C-4F4D-BE7B-B9DED11D5B6D}.Debug|Any CPU.ActiveCfg = Debug|Any CPU
		{50CECBB0-893C-4F4D-BE7B-B9DED11D5B6D}.Debug|Any CPU.Build.0 = Debug|Any CPU
		{50CECBB0-893C-4F4D-BE7B-B9DED11D5B6D}.Debug|x64.ActiveCfg = Debug|Any CPU
		{50CECBB0-893C-4F4D-BE7B-B9DED11D5B6D}.Debug|x64.Build.0 = Debug|Any CPU
		{50CECBB0-893C-4F4D-BE7B-B9DED11D5B6D}.Debug|x86.ActiveCfg = Debug|Any CPU
		{50CECBB0-893C-4F4D-BE7B-B9DED11D5B6D}.Debug|x86.Build.0 = Debug|Any CPU
		{50CECBB0-893C-4F4D-BE7B-B9DED11D5B6D}.Release|Any CPU.ActiveCfg = Release|Any CPU
		{50CECBB0-893C-4F4D-BE7B-B9DED11D5B6D}.Release|Any CPU.Build.0 = Release|Any CPU
		{50CECBB0-893C-4F4D-BE7B-B9DED11D5B6D}.Release|x64.ActiveCfg = Release|Any CPU
		{50CECBB0-893C-4F4D-BE7B-B9DED11D5B6D}.Release|x64.Build.0 = Release|Any CPU
		{50CECBB0-893C-4F4D-BE7B-B9DED11D5B6D}.Release|x86.ActiveCfg = Release|Any CPU
		{50CECBB0-893C-4F4D-BE7B-B9DED11D5B6D}.Release|x86.Build.0 = Release|Any CPU
		{2C2FE203-F5A0-427B-A5D3-39B63FC30D5A}.Debug|Any CPU.ActiveCfg = Debug|Any CPU
		{2C2FE203-F5A0-427B-A5D3-39B63FC30D5A}.Debug|Any CPU.Build.0 = Debug|Any CPU
		{2C2FE203-F5A0-427B-A5D3-39B63FC30D5A}.Debug|x64.ActiveCfg = Debug|Any CPU
		{2C2FE203-F5A0-427B-A5D3-39B63FC30D5A}.Debug|x64.Build.0 = Debug|Any CPU
		{2C2FE203-F5A0-427B-A5D3-39B63FC30D5A}.Debug|x86.ActiveCfg = Debug|Any CPU
		{2C2FE203-F5A0-427B-A5D3-39B63FC30D5A}.Debug|x86.Build.0 = Debug|Any CPU
		{2C2FE203-F5A0-427B-A5D3-39B63FC30D5A}.Release|Any CPU.ActiveCfg = Release|Any CPU
		{2C2FE203-F5A0-427B-A5D3-39B63FC30D5A}.Release|Any CPU.Build.0 = Release|Any CPU
		{2C2FE203-F5A0-427B-A5D3-39B63FC30D5A}.Release|x64.ActiveCfg = Release|Any CPU
		{2C2FE203-F5A0-427B-A5D3-39B63FC30D5A}.Release|x64.Build.0 = Release|Any CPU
		{2C2FE203-F5A0-427B-A5D3-39B63FC30D5A}.Release|x86.ActiveCfg = Release|Any CPU
		{2C2FE203-F5A0-427B-A5D3-39B63FC30D5A}.Release|x86.Build.0 = Release|Any CPU
		{3F868512-5652-4895-90CB-E2BE2F826019}.Debug|Any CPU.ActiveCfg = Debug|Any CPU
		{3F868512-5652-4895-90CB-E2BE2F826019}.Debug|Any CPU.Build.0 = Debug|Any CPU
		{3F868512-5652-4895-90CB-E2BE2F826019}.Debug|x64.ActiveCfg = Debug|Any CPU
		{3F868512-5652-4895-90CB-E2BE2F826019}.Debug|x64.Build.0 = Debug|Any CPU
		{3F868512-5652-4895-90CB-E2BE2F826019}.Debug|x86.ActiveCfg = Debug|Any CPU
		{3F868512-5652-4895-90CB-E2BE2F826019}.Debug|x86.Build.0 = Debug|Any CPU
		{3F868512-5652-4895-90CB-E2BE2F826019}.Release|Any CPU.ActiveCfg = Release|Any CPU
		{3F868512-5652-4895-90CB-E2BE2F826019}.Release|Any CPU.Build.0 = Release|Any CPU
		{3F868512-5652-4895-90CB-E2BE2F826019}.Release|x64.ActiveCfg = Release|Any CPU
		{3F868512-5652-4895-90CB-E2BE2F826019}.Release|x64.Build.0 = Release|Any CPU
		{3F868512-5652-4895-90CB-E2BE2F826019}.Release|x86.ActiveCfg = Release|Any CPU
		{3F868512-5652-4895-90CB-E2BE2F826019}.Release|x86.Build.0 = Release|Any CPU
	EndGlobalSection
	GlobalSection(NestedProjects) = preSolution
	EndGlobalSection
EndGlobal
